
Microsoft Visual Studio Solution File, Format Version 10.00
# Visual Studio 2008
Project("{FAE04EC0-301F-11D3-BF4B-00C04F79EFBC}") = "CCM.Web", "CCM.Web\CCM.Web.csproj", "{14E6E58A-C04D-478D-9678-6BD36D0BFCCC}"
EndProject
Project("{FAE04EC0-301F-11D3-BF4B-00C04F79EFBC}") = "CCM.Web.Tests", "CCM.Web.Tests\CCM.Web.Tests.csproj", "{21B0966A-D19E-4261-8696-91EFD3DF1DC7}"
EndProject
Global
	GlobalSection(SolutionConfigurationPlatforms) = preSolution
		Debug|Any CPU = Debug|Any CPU
		Release|Any CPU = Release|Any CPU
	EndGlobalSection
	GlobalSection(ProjectConfigurationPlatforms) = postSolution
		{14E6E58A-C04D-478D-9678-6BD36D0BFCCC}.Debug|Any CPU.ActiveCfg = Debug|Any CPU
		{14E6E58A-C04D-478D-9678-6BD36D0BFCCC}.Debug|Any CPU.Build.0 = Debug|Any CPU
		{14E6E58A-C04D-478D-9678-6BD36D0BFCCC}.Release|Any CPU.ActiveCfg = Release|Any CPU
		{14E6E58A-C04D-478D-9678-6BD36D0BFCCC}.Release|Any CPU.Build.0 = Release|Any CPU
		{21B0966A-D19E-4261-8696-91EFD3DF1DC7}.Debug|Any CPU.ActiveCfg = Debug|Any CPU
		{21B0966A-D19E-4261-8696-91EFD3DF1DC7}.Debug|Any CPU.Build.0 = Debug|Any CPU
		{21B0966A-D19E-4261-8696-91EFD3DF1DC7}.Release|Any CPU.ActiveCfg = Release|Any CPU
		{21B0966A-D19E-4261-8696-91EFD3DF1DC7}.Release|Any CPU.Build.0 = Release|Any CPU
	EndGlobalSection
	GlobalSection(SolutionProperties) = preSolution
		HideSolutionNode = FALSE
	EndGlobalSection
EndGlobal
